
Microsoft Visual Studio Solution File, Format Version 12.00
# Visual Studio Version 17
VisualStudioVersion = 17.5.33502.453
MinimumVisualStudioVersion = 10.0.40219.1
Project("{8BC9CEB8-8B4A-11D0-8D11-00A0C91BC942}") = "exercisedua_025", "exercisedua_025\exercisedua_025.vcxproj", "{EE8106CE-4D87-4664-BA2F-2E80F7399856}"
EndProject
Project("{8BC9CEB8-8B4A-11D0-8D11-00A0C91BC942}") = "excercisedua_025", "excercisedua_025\excercisedua_025.vcxproj", "{741351CD-C4CA-4CAB-9E4B-58D977608CD9}"
EndProject
Global
	GlobalSection(SolutionConfigurationPlatforms) = preSolution
		Debug|x64 = Debug|x64
		Debug|x86 = Debug|x86
		Release|x64 = Release|x64
		Release|x86 = Release|x86
	EndGlobalSection
	GlobalSection(ProjectConfigurationPlatforms) = postSolution
		{EE8106CE-4D87-4664-BA2F-2E80F7399856}.Debug|x64.ActiveCfg = Debug|x64
		{EE8106CE-4D87-4664-BA2F-2E80F7399856}.Debug|x64.Build.0 = Debug|x64
		{EE8106CE-4D87-4664-BA2F-2E80F7399856}.Debug|x86.ActiveCfg = Debug|Win32
		{EE8106CE-4D87-4664-BA2F-2E80F7399856}.Debug|x86.Build.0 = Debug|Win32
		{EE8106CE-4D87-4664-BA2F-2E80F7399856}.Release|x64.ActiveCfg = Release|x64
		{EE8106CE-4D87-4664-BA2F-2E80F7399856}.Release|x64.Build.0 = Release|x64
		{EE8106CE-4D87-4664-BA2F-2E80F7399856}.Release|x86.ActiveCfg = Release|Win32
		{EE8106CE-4D87-4664-BA2F-2E80F7399856}.Release|x86.Build.0 = Release|Win32
		{741351CD-C4CA-4CAB-9E4B-58D977608CD9}.Debug|x64.ActiveCfg = Debug|x64
		{741351CD-C4CA-4CAB-9E4B-58D977608CD9}.Debug|x64.Build.0 = Debug|x64
		{741351CD-C4CA-4CAB-9E4B-58D977608CD9}.Debug|x86.ActiveCfg = Debug|Win32
		{741351CD-C4CA-4CAB-9E4B-58D977608CD9}.Debug|x86.Build.0 = Debug|Win32
		{741351CD-C4CA-4CAB-9E4B-58D977608CD9}.Release|x64.ActiveCfg = Release|x64
		{741351CD-C4CA-4CAB-9E4B-58D977608CD9}.Release|x64.Build.0 = Release|x64
		{741351CD-C4CA-4CAB-9E4B-58D977608CD9}.Release|x86.ActiveCfg = Release|Win32
		{741351CD-C4CA-4CAB-9E4B-58D977608CD9}.Release|x86.Build.0 = Release|Win32
	EndGlobalSection
	GlobalSection(SolutionProperties) = preSolution
		HideSolutionNode = FALSE
	EndGlobalSection
	GlobalSection(ExtensibilityGlobals) = postSolution
		SolutionGuid = {749368B9-4C56-48C0-A636-53D402F25A13}
	EndGlobalSection
EndGlobal
